
Microsoft Visual Studio Solution File, Format Version 12.00
# Visual Studio Version 16
VisualStudioVersion = 16.0.30907.101
MinimumVisualStudioVersion = 10.0.40219.1
Project("{9092AA53-FB77-4645-B42D-1CCCA6BD08BD}") = "DashBack", "DashBack\DashBack.njsproj", "{A543393E-5E03-4F30-AC40-D59300FA83E7}"
EndProject
Global
	GlobalSection(SolutionConfigurationPlatforms) = preSolution
		Debug|Any CPU = Debug|Any CPU
		Release|Any CPU = Release|Any CPU
	EndGlobalSection
	GlobalSection(ProjectConfigurationPlatforms) = postSolution
		{A543393E-5E03-4F30-AC40-D59300FA83E7}.Debug|Any CPU.ActiveCfg = Debug|Any CPU
		{A543393E-5E03-4F30-AC40-D59300FA83E7}.Debug|Any CPU.Build.0 = Debug|Any CPU
		{A543393E-5E03-4F30-AC40-D59300FA83E7}.Release|Any CPU.ActiveCfg = Release|Any CPU
		{A543393E-5E03-4F30-AC40-D59300FA83E7}.Release|Any CPU.Build.0 = Release|Any CPU
	EndGlobalSection
	GlobalSection(SolutionProperties) = preSolution
		HideSolutionNode = FALSE
	EndGlobalSection
	GlobalSection(ExtensibilityGlobals) = postSolution
		SolutionGuid = {C6CFD84B-B276-4B66-9875-D73797D19336}
	EndGlobalSection
EndGlobal
